
Microsoft Visual Studio Solution File, Format Version 12.00
# Visual Studio Version 16
VisualStudioVersion = 16.0.31613.86
MinimumVisualStudioVersion = 10.0.40219.1
Project("{FAE04EC0-301F-11D3-BF4B-00C04F79EFBC}") = "FileClient", "FileTransfer\FileClient.csproj", "{2432A7AF-C30F-44DF-859F-A2A5A2F5470F}"
EndProject
Project("{FAE04EC0-301F-11D3-BF4B-00C04F79EFBC}") = "FileServer", "FileClient\FileServer.csproj", "{8393FE01-2271-4A28-B2F4-E484E49FFC41}"
EndProject
Global
	GlobalSection(SolutionConfigurationPlatforms) = preSolution
		Debug|Any CPU = Debug|Any CPU
		Release|Any CPU = Release|Any CPU
	EndGlobalSection
	GlobalSection(ProjectConfigurationPlatforms) = postSolution
		{2432A7AF-C30F-44DF-859F-A2A5A2F5470F}.Debug|Any CPU.ActiveCfg = Debug|Any CPU
		{2432A7AF-C30F-44DF-859F-A2A5A2F5470F}.Debug|Any CPU.Build.0 = Debug|Any CPU
		{2432A7AF-C30F-44DF-859F-A2A5A2F5470F}.Release|Any CPU.ActiveCfg = Release|Any CPU
		{2432A7AF-C30F-44DF-859F-A2A5A2F5470F}.Release|Any CPU.Build.0 = Release|Any CPU
		{8393FE01-2271-4A28-B2F4-E484E49FFC41}.Debug|Any CPU.ActiveCfg = Debug|Any CPU
		{8393FE01-2271-4A28-B2F4-E484E49FFC41}.Debug|Any CPU.Build.0 = Debug|Any CPU
		{8393FE01-2271-4A28-B2F4-E484E49FFC41}.Release|Any CPU.ActiveCfg = Release|Any CPU
		{8393FE01-2271-4A28-B2F4-E484E49FFC41}.Release|Any CPU.Build.0 = Release|Any CPU
	EndGlobalSection
	GlobalSection(SolutionProperties) = preSolution
		HideSolutionNode = FALSE
	EndGlobalSection
	GlobalSection(ExtensibilityGlobals) = postSolution
		SolutionGuid = {B972FED0-EF17-4744-B905-E0359D3943D1}
	EndGlobalSection
EndGlobal
