
Microsoft Visual Studio Solution File, Format Version 12.00
# Visual Studio Version 16
VisualStudioVersion = 16.0.31613.86
MinimumVisualStudioVersion = 10.0.40219.1
Project("{FAE04EC0-301F-11D3-BF4B-00C04F79EFBC}") = "echo_server", "echo_server\echo_server.csproj", "{D44FD2C8-9E33-4B29-89D0-2CE05CFF7574}"
EndProject
Project("{FAE04EC0-301F-11D3-BF4B-00C04F79EFBC}") = "echo_client", "echo_client\echo_client.csproj", "{D1003F9D-C619-4211-889A-B7C183E0D7EF}"
EndProject
Project("{FAE04EC0-301F-11D3-BF4B-00C04F79EFBC}") = "echo_server_def_class", "echo_server_def_class\echo_server_def_class.csproj", "{DEF6DD6E-BC1F-4913-BDC2-2C4B06B62635}"
EndProject
Global
	GlobalSection(SolutionConfigurationPlatforms) = preSolution
		Debug|Any CPU = Debug|Any CPU
		Release|Any CPU = Release|Any CPU
	EndGlobalSection
	GlobalSection(ProjectConfigurationPlatforms) = postSolution
		{D44FD2C8-9E33-4B29-89D0-2CE05CFF7574}.Debug|Any CPU.ActiveCfg = Debug|Any CPU
		{D44FD2C8-9E33-4B29-89D0-2CE05CFF7574}.Debug|Any CPU.Build.0 = Debug|Any CPU
		{D44FD2C8-9E33-4B29-89D0-2CE05CFF7574}.Release|Any CPU.ActiveCfg = Release|Any CPU
		{D44FD2C8-9E33-4B29-89D0-2CE05CFF7574}.Release|Any CPU.Build.0 = Release|Any CPU
		{D1003F9D-C619-4211-889A-B7C183E0D7EF}.Debug|Any CPU.ActiveCfg = Debug|Any CPU
		{D1003F9D-C619-4211-889A-B7C183E0D7EF}.Debug|Any CPU.Build.0 = Debug|Any CPU
		{D1003F9D-C619-4211-889A-B7C183E0D7EF}.Release|Any CPU.ActiveCfg = Release|Any CPU
		{D1003F9D-C619-4211-889A-B7C183E0D7EF}.Release|Any CPU.Build.0 = Release|Any CPU
		{DEF6DD6E-BC1F-4913-BDC2-2C4B06B62635}.Debug|Any CPU.ActiveCfg = Debug|Any CPU
		{DEF6DD6E-BC1F-4913-BDC2-2C4B06B62635}.Debug|Any CPU.Build.0 = Debug|Any CPU
		{DEF6DD6E-BC1F-4913-BDC2-2C4B06B62635}.Release|Any CPU.ActiveCfg = Release|Any CPU
		{DEF6DD6E-BC1F-4913-BDC2-2C4B06B62635}.Release|Any CPU.Build.0 = Release|Any CPU
	EndGlobalSection
	GlobalSection(SolutionProperties) = preSolution
		HideSolutionNode = FALSE
	EndGlobalSection
	GlobalSection(ExtensibilityGlobals) = postSolution
		SolutionGuid = {D8B69063-2D15-4AE5-BC02-CC10C928A0E1}
	EndGlobalSection
EndGlobal
